
Microsoft Visual Studio Solution File, Format Version 12.00
# Visual Studio Version 17
VisualStudioVersion = 17.5.33627.172
MinimumVisualStudioVersion = 10.0.40219.1
Project("{FAE04EC0-301F-11D3-BF4B-00C04F79EFBC}") = "Klasa String - vježba 2", "Klasa String - vježba 2.csproj", "{C8FF394F-785A-456F-BC93-7195CB554C87}"
EndProject
Global
	GlobalSection(SolutionConfigurationPlatforms) = preSolution
		Debug|Any CPU = Debug|Any CPU
		Release|Any CPU = Release|Any CPU
	EndGlobalSection
	GlobalSection(ProjectConfigurationPlatforms) = postSolution
		{C8FF394F-785A-456F-BC93-7195CB554C87}.Debug|Any CPU.ActiveCfg = Debug|Any CPU
		{C8FF394F-785A-456F-BC93-7195CB554C87}.Debug|Any CPU.Build.0 = Debug|Any CPU
		{C8FF394F-785A-456F-BC93-7195CB554C87}.Release|Any CPU.ActiveCfg = Release|Any CPU
		{C8FF394F-785A-456F-BC93-7195CB554C87}.Release|Any CPU.Build.0 = Release|Any CPU
	EndGlobalSection
	GlobalSection(SolutionProperties) = preSolution
		HideSolutionNode = FALSE
	EndGlobalSection
	GlobalSection(ExtensibilityGlobals) = postSolution
		SolutionGuid = {26D9BA02-2432-4453-B779-21F1E1D4B79D}
	EndGlobalSection
EndGlobal
