
Microsoft Visual Studio Solution File, Format Version 12.00
# Visual Studio Version 17
VisualStudioVersion = 17.5.33627.172
MinimumVisualStudioVersion = 10.0.40219.1
Project("{FAE04EC0-301F-11D3-BF4B-00C04F79EFBC}") = "Klasa String - vježba 4", "Klasa String - vježba 4.csproj", "{7C94F37B-CA7D-4C26-A299-8C023B710200}"
EndProject
Global
	GlobalSection(SolutionConfigurationPlatforms) = preSolution
		Debug|Any CPU = Debug|Any CPU
		Release|Any CPU = Release|Any CPU
	EndGlobalSection
	GlobalSection(ProjectConfigurationPlatforms) = postSolution
		{7C94F37B-CA7D-4C26-A299-8C023B710200}.Debug|Any CPU.ActiveCfg = Debug|Any CPU
		{7C94F37B-CA7D-4C26-A299-8C023B710200}.Debug|Any CPU.Build.0 = Debug|Any CPU
		{7C94F37B-CA7D-4C26-A299-8C023B710200}.Release|Any CPU.ActiveCfg = Release|Any CPU
		{7C94F37B-CA7D-4C26-A299-8C023B710200}.Release|Any CPU.Build.0 = Release|Any CPU
	EndGlobalSection
	GlobalSection(SolutionProperties) = preSolution
		HideSolutionNode = FALSE
	EndGlobalSection
	GlobalSection(ExtensibilityGlobals) = postSolution
		SolutionGuid = {2D04F7A9-1106-4FA8-9E37-90CFCE1F9D6D}
	EndGlobalSection
EndGlobal
